<<<<<<< HEAD
{
  "name": "2048-game",
  "version": "1.0.0",
  "lockfileVersion": 3,
  "requires": true,
  "packages": {
    "": {
      "name": "2048-game",
      "version": "1.0.0",
      "license": "ISC"
    }
  }
}
=======
{
  "name": "2048-game",
  "version": "1.0.0",
  "lockfileVersion": 3,
  "requires": true,
  "packages": {
    "": {
      "name": "2048-game",
      "version": "1.0.0",
      "license": "ISC"
    }
  }
}
>>>>>>> 8627037b8025daa4a513929bde78400eaa50947e
